// !$*UTF8*$!
{
	archiveVersion = 1;
	classes = {
	};
	objectVersion = 51;
	objects = {

/* Begin PBXBuildFile section */
		5FD2BEFF1AE55146C198F653 /* Pods_QuestionMemory.framework in Frameworks */ = {isa = PBXBuildFile; fileRef = AACF970506AA7964036F559E /* Pods_QuestionMemory.framework */; };
		B317439025E0092900F5F9CD /* QuestionDetailVC.swift in Sources */ = {isa = PBXBuildFile; fileRef = B317438F25E0092900F5F9CD /* QuestionDetailVC.swift */; };
		B317439625E05FDF00F5F9CD /* ExamType.swift in Sources */ = {isa = PBXBuildFile; fileRef = B317439525E05FDF00F5F9CD /* ExamType.swift */; };
		B344571825DE9B3800F4DE4B /* QuestionTableViewCell.swift in Sources */ = {isa = PBXBuildFile; fileRef = B344571725DE9B3800F4DE4B /* QuestionTableViewCell.swift */; };
		B344571E25DEE4B300F4DE4B /* AddQuestionVC.swift in Sources */ = {isa = PBXBuildFile; fileRef = B344571D25DEE4B300F4DE4B /* AddQuestionVC.swift */; };
		B344572225DEE6C200F4DE4B /* LessonType.swift in Sources */ = {isa = PBXBuildFile; fileRef = B344572125DEE6C200F4DE4B /* LessonType.swift */; };
		B344572625DEEB8300F4DE4B /* LackType.swift in Sources */ = {isa = PBXBuildFile; fileRef = B344572525DEEB8300F4DE4B /* LackType.swift */; };
		B3638B4825E45088008681A4 /* CDQuestion+CoreDataClass.swift in Sources */ = {isa = PBXBuildFile; fileRef = B3638B4625E45088008681A4 /* CDQuestion+CoreDataClass.swift */; };
		B3638B4925E45088008681A4 /* CDQuestion+CoreDataProperties.swift in Sources */ = {isa = PBXBuildFile; fileRef = B3638B4725E45088008681A4 /* CDQuestion+CoreDataProperties.swift */; };
		B385C83E25DE92F200A82274 /* AppDelegate.swift in Sources */ = {isa = PBXBuildFile; fileRef = B385C83D25DE92F200A82274 /* AppDelegate.swift */; };
		B385C84025DE92F200A82274 /* SceneDelegate.swift in Sources */ = {isa = PBXBuildFile; fileRef = B385C83F25DE92F200A82274 /* SceneDelegate.swift */; };
		B385C84225DE92F200A82274 /* QuestionVC.swift in Sources */ = {isa = PBXBuildFile; fileRef = B385C84125DE92F200A82274 /* QuestionVC.swift */; };
		B385C84525DE92F200A82274 /* Main.storyboard in Resources */ = {isa = PBXBuildFile; fileRef = B385C84325DE92F200A82274 /* Main.storyboard */; };
		B385C84825DE92F200A82274 /* QuestionMemory.xcdatamodeld in Sources */ = {isa = PBXBuildFile; fileRef = B385C84625DE92F200A82274 /* QuestionMemory.xcdatamodeld */; };
		B385C84A25DE92F500A82274 /* Assets.xcassets in Resources */ = {isa = PBXBuildFile; fileRef = B385C84925DE92F500A82274 /* Assets.xcassets */; };
		B385C84D25DE92F500A82274 /* LaunchScreen.storyboard in Resources */ = {isa = PBXBuildFile; fileRef = B385C84B25DE92F500A82274 /* LaunchScreen.storyboard */; };
		B38CE94025E2AF7E007FADD2 /* CoreDataQuestion.swift in Sources */ = {isa = PBXBuildFile; fileRef = B38CE93F25E2AF7E007FADD2 /* CoreDataQuestion.swift */; };
		B38CE94325E2B039007FADD2 /* QuestionManager.swift in Sources */ = {isa = PBXBuildFile; fileRef = B38CE94225E2B039007FADD2 /* QuestionManager.swift */; };
		B38CE94625E2B065007FADD2 /* QuestionDataRepository.swift in Sources */ = {isa = PBXBuildFile; fileRef = B38CE94525E2B065007FADD2 /* QuestionDataRepository.swift */; };
		B38CE94925E2B090007FADD2 /* QuestionRepository.swift in Sources */ = {isa = PBXBuildFile; fileRef = B38CE94825E2B090007FADD2 /* QuestionRepository.swift */; };
		B38CE94E25E2B30B007FADD2 /* PersistentStorage.swift in Sources */ = {isa = PBXBuildFile; fileRef = B38CE94D25E2B30B007FADD2 /* PersistentStorage.swift */; };
		B3DB299125E58D9D001AECC7 /* PageMoveType.swift in Sources */ = {isa = PBXBuildFile; fileRef = B3DB299025E58D9D001AECC7 /* PageMoveType.swift */; };
/* End PBXBuildFile section */

/* Begin PBXFileReference section */
		260BB9347A1087F2F08B92E3 /* Pods-QuestionMemory.release.xcconfig */ = {isa = PBXFileReference; includeInIndex = 1; lastKnownFileType = text.xcconfig; name = "Pods-QuestionMemory.release.xcconfig"; path = "Target Support Files/Pods-QuestionMemory/Pods-QuestionMemory.release.xcconfig"; sourceTree = "<group>"; };
		3954C040970CE99F177167C2 /* Pods-QuestionMemory.debug.xcconfig */ = {isa = PBXFileReference; includeInIndex = 1; lastKnownFileType = text.xcconfig; name = "Pods-QuestionMemory.debug.xcconfig"; path = "Target Support Files/Pods-QuestionMemory/Pods-QuestionMemory.debug.xcconfig"; sourceTree = "<group>"; };
		AACF970506AA7964036F559E /* Pods_QuestionMemory.framework */ = {isa = PBXFileReference; explicitFileType = wrapper.framework; includeInIndex = 0; path = Pods_QuestionMemory.framework; sourceTree = BUILT_PRODUCTS_DIR; };
		B317438F25E0092900F5F9CD /* QuestionDetailVC.swift */ = {isa = PBXFileReference; lastKnownFileType = sourcecode.swift; path = QuestionDetailVC.swift; sourceTree = "<group>"; };
		B317439525E05FDF00F5F9CD /* ExamType.swift */ = {isa = PBXFileReference; lastKnownFileType = sourcecode.swift; path = ExamType.swift; sourceTree = "<group>"; };
		B344571725DE9B3800F4DE4B /* QuestionTableViewCell.swift */ = {isa = PBXFileReference; lastKnownFileType = sourcecode.swift; path = QuestionTableViewCell.swift; sourceTree = "<group>"; };
		B344571D25DEE4B300F4DE4B /* AddQuestionVC.swift */ = {isa = PBXFileReference; lastKnownFileType = sourcecode.swift; path = AddQuestionVC.swift; sourceTree = "<group>"; };
		B344572125DEE6C200F4DE4B /* LessonType.swift */ = {isa = PBXFileReference; lastKnownFileType = sourcecode.swift; path = LessonType.swift; sourceTree = "<group>"; };
		B344572525DEEB8300F4DE4B /* LackType.swift */ = {isa = PBXFileReference; lastKnownFileType = sourcecode.swift; path = LackType.swift; sourceTree = "<group>"; };
		B3638B4625E45088008681A4 /* CDQuestion+CoreDataClass.swift */ = {isa = PBXFileReference; lastKnownFileType = sourcecode.swift; name = "CDQuestion+CoreDataClass.swift"; path = "QuestionMemory/Supporting Files/CDQuestion+CoreDataClass.swift"; sourceTree = SOURCE_ROOT; };
		B3638B4725E45088008681A4 /* CDQuestion+CoreDataProperties.swift */ = {isa = PBXFileReference; lastKnownFileType = sourcecode.swift; name = "CDQuestion+CoreDataProperties.swift"; path = "QuestionMemory/Supporting Files/CDQuestion+CoreDataProperties.swift"; sourceTree = SOURCE_ROOT; };
		B385C83A25DE92F200A82274 /* QuestionMemory.app */ = {isa = PBXFileReference; explicitFileType = wrapper.application; includeInIndex = 0; path = QuestionMemory.app; sourceTree = BUILT_PRODUCTS_DIR; };
		B385C83D25DE92F200A82274 /* AppDelegate.swift */ = {isa = PBXFileReference; lastKnownFileType = sourcecode.swift; path = AppDelegate.swift; sourceTree = "<group>"; };
		B385C83F25DE92F200A82274 /* SceneDelegate.swift */ = {isa = PBXFileReference; lastKnownFileType = sourcecode.swift; path = SceneDelegate.swift; sourceTree = "<group>"; };
		B385C84125DE92F200A82274 /* QuestionVC.swift */ = {isa = PBXFileReference; lastKnownFileType = sourcecode.swift; path = QuestionVC.swift; sourceTree = "<group>"; };
		B385C84425DE92F200A82274 /* Base */ = {isa = PBXFileReference; lastKnownFileType = file.storyboard; name = Base; path = Base.lproj/Main.storyboard; sourceTree = "<group>"; };
		B385C84725DE92F200A82274 /* QuestionMemory.xcdatamodel */ = {isa = PBXFileReference; lastKnownFileType = wrapper.xcdatamodel; path = QuestionMemory.xcdatamodel; sourceTree = "<group>"; };
		B385C84925DE92F500A82274 /* Assets.xcassets */ = {isa = PBXFileReference; lastKnownFileType = folder.assetcatalog; path = Assets.xcassets; sourceTree = "<group>"; };
		B385C84C25DE92F500A82274 /* Base */ = {isa = PBXFileReference; lastKnownFileType = file.storyboard; name = Base; path = Base.lproj/LaunchScreen.storyboard; sourceTree = "<group>"; };
		B385C84E25DE92F500A82274 /* Info.plist */ = {isa = PBXFileReference; lastKnownFileType = text.plist.xml; path = Info.plist; sourceTree = "<group>"; };
		B38CE93F25E2AF7E007FADD2 /* CoreDataQuestion.swift */ = {isa = PBXFileReference; lastKnownFileType = sourcecode.swift; path = CoreDataQuestion.swift; sourceTree = "<group>"; };
		B38CE94225E2B039007FADD2 /* QuestionManager.swift */ = {isa = PBXFileReference; lastKnownFileType = sourcecode.swift; path = QuestionManager.swift; sourceTree = "<group>"; };
		B38CE94525E2B065007FADD2 /* QuestionDataRepository.swift */ = {isa = PBXFileReference; lastKnownFileType = sourcecode.swift; path = QuestionDataRepository.swift; sourceTree = "<group>"; };
		B38CE94825E2B090007FADD2 /* QuestionRepository.swift */ = {isa = PBXFileReference; lastKnownFileType = sourcecode.swift; path = QuestionRepository.swift; sourceTree = "<group>"; };
		B38CE94D25E2B30B007FADD2 /* PersistentStorage.swift */ = {isa = PBXFileReference; lastKnownFileType = sourcecode.swift; path = PersistentStorage.swift; sourceTree = "<group>"; };
		B3DB299025E58D9D001AECC7 /* PageMoveType.swift */ = {isa = PBXFileReference; lastKnownFileType = sourcecode.swift; path = PageMoveType.swift; sourceTree = "<group>"; };
/* End PBXFileReference section */

/* Begin PBXFrameworksBuildPhase section */
		B385C83725DE92F200A82274 /* Frameworks */ = {
			isa = PBXFrameworksBuildPhase;
			buildActionMask = 2147483647;
			files = (
				5FD2BEFF1AE55146C198F653 /* Pods_QuestionMemory.framework in Frameworks */,
			);
			runOnlyForDeploymentPostprocessing = 0;
		};
/* End PBXFrameworksBuildPhase section */

/* Begin PBXGroup section */
		777D2A518DAFD47F4D1C8D6B /* Frameworks */ = {
			isa = PBXGroup;
			children = (
				AACF970506AA7964036F559E /* Pods_QuestionMemory.framework */,
			);
			name = Frameworks;
			sourceTree = "<group>";
		};
		778097162F93EEAD0C35C2E5 /* Pods */ = {
			isa = PBXGroup;
			children = (
				3954C040970CE99F177167C2 /* Pods-QuestionMemory.debug.xcconfig */,
				260BB9347A1087F2F08B92E3 /* Pods-QuestionMemory.release.xcconfig */,
			);
			path = Pods;
			sourceTree = "<group>";
		};
		B344571525DE9B2100F4DE4B /* View */ = {
			isa = PBXGroup;
			children = (
				B344571725DE9B3800F4DE4B /* QuestionTableViewCell.swift */,
			);
			path = View;
			sourceTree = "<group>";
		};
		B344572025DEE6B200F4DE4B /* Enums */ = {
			isa = PBXGroup;
			children = (
				B344572125DEE6C200F4DE4B /* LessonType.swift */,
				B344572525DEEB8300F4DE4B /* LackType.swift */,
				B317439525E05FDF00F5F9CD /* ExamType.swift */,
				B3DB299025E58D9D001AECC7 /* PageMoveType.swift */,
			);
			path = Enums;
			sourceTree = "<group>";
		};
		B385C83125DE92F200A82274 = {
			isa = PBXGroup;
			children = (
				B385C83C25DE92F200A82274 /* QuestionMemory */,
				B385C83B25DE92F200A82274 /* Products */,
				778097162F93EEAD0C35C2E5 /* Pods */,
				777D2A518DAFD47F4D1C8D6B /* Frameworks */,
			);
			sourceTree = "<group>";
		};
		B385C83B25DE92F200A82274 /* Products */ = {
			isa = PBXGroup;
			children = (
				B385C83A25DE92F200A82274 /* QuestionMemory.app */,
			);
			name = Products;
			sourceTree = "<group>";
		};
		B385C83C25DE92F200A82274 /* QuestionMemory */ = {
			isa = PBXGroup;
			children = (
				B38CE93D25E2AF4F007FADD2 /* Model */,
				B344571525DE9B2100F4DE4B /* View */,
				B385C85725DE936E00A82274 /* Controller */,
				B38CE93E25E2AF5F007FADD2 /* Repository */,
				B38CE93C25E2AF41007FADD2 /* Manager */,
				B344572025DEE6B200F4DE4B /* Enums */,
				B385C85625DE934800A82274 /* Storyboards */,
				B385C85525DE933D00A82274 /* Supporting Files */,
				B385C84E25DE92F500A82274 /* Info.plist */,
				B385C84625DE92F200A82274 /* QuestionMemory.xcdatamodeld */,
			);
			path = QuestionMemory;
			sourceTree = "<group>";
		};
		B385C85525DE933D00A82274 /* Supporting Files */ = {
			isa = PBXGroup;
			children = (
				B3638B4625E45088008681A4 /* CDQuestion+CoreDataClass.swift */,
				B3638B4725E45088008681A4 /* CDQuestion+CoreDataProperties.swift */,
				B38CE94D25E2B30B007FADD2 /* PersistentStorage.swift */,
				B385C83D25DE92F200A82274 /* AppDelegate.swift */,
				B385C83F25DE92F200A82274 /* SceneDelegate.swift */,
				B385C84925DE92F500A82274 /* Assets.xcassets */,
			);
			path = "Supporting Files";
			sourceTree = "<group>";
		};
		B385C85625DE934800A82274 /* Storyboards */ = {
			isa = PBXGroup;
			children = (
				B385C84325DE92F200A82274 /* Main.storyboard */,
				B385C84B25DE92F500A82274 /* LaunchScreen.storyboard */,
			);
			path = Storyboards;
			sourceTree = "<group>";
		};
		B385C85725DE936E00A82274 /* Controller */ = {
			isa = PBXGroup;
			children = (
				B385C84125DE92F200A82274 /* QuestionVC.swift */,
				B344571D25DEE4B300F4DE4B /* AddQuestionVC.swift */,
				B317438F25E0092900F5F9CD /* QuestionDetailVC.swift */,
			);
			path = Controller;
			sourceTree = "<group>";
		};
		B38CE93C25E2AF41007FADD2 /* Manager */ = {
			isa = PBXGroup;
			children = (
				B38CE94225E2B039007FADD2 /* QuestionManager.swift */,
			);
			path = Manager;
			sourceTree = "<group>";
		};
		B38CE93D25E2AF4F007FADD2 /* Model */ = {
			isa = PBXGroup;
			children = (
				B38CE93F25E2AF7E007FADD2 /* CoreDataQuestion.swift */,
			);
			path = Model;
			sourceTree = "<group>";
		};
		B38CE93E25E2AF5F007FADD2 /* Repository */ = {
			isa = PBXGroup;
			children = (
				B38CE94525E2B065007FADD2 /* QuestionDataRepository.swift */,
				B38CE94825E2B090007FADD2 /* QuestionRepository.swift */,
			);
			path = Repository;
			sourceTree = "<group>";
		};
/* End PBXGroup section */

/* Begin PBXNativeTarget section */
		B385C83925DE92F200A82274 /* QuestionMemory */ = {
			isa = PBXNativeTarget;
			buildConfigurationList = B385C85125DE92F500A82274 /* Build configuration list for PBXNativeTarget "QuestionMemory" */;
			buildPhases = (
				F05FF60915938A7DBEA0D91E /* [CP] Check Pods Manifest.lock */,
				B385C83625DE92F200A82274 /* Sources */,
				B385C83725DE92F200A82274 /* Frameworks */,
				B385C83825DE92F200A82274 /* Resources */,
				86725F58F180F039C0ADD7F7 /* [CP] Embed Pods Frameworks */,
			);
			buildRules = (
			);
			dependencies = (
			);
			name = QuestionMemory;
			productName = QuestionMemory;
			productReference = B385C83A25DE92F200A82274 /* QuestionMemory.app */;
			productType = "com.apple.product-type.application";
		};
/* End PBXNativeTarget section */

/* Begin PBXProject section */
		B385C83225DE92F200A82274 /* Project object */ = {
			isa = PBXProject;
			attributes = {
				LastSwiftUpdateCheck = 1230;
				LastUpgradeCheck = 1230;
				TargetAttributes = {
					B385C83925DE92F200A82274 = {
						CreatedOnToolsVersion = 12.3;
					};
				};
			};
			buildConfigurationList = B385C83525DE92F200A82274 /* Build configuration list for PBXProject "QuestionMemory" */;
			compatibilityVersion = "Xcode 9.3";
			developmentRegion = en;
			hasScannedForEncodings = 0;
			knownRegions = (
				en,
				Base,
			);
			mainGroup = B385C83125DE92F200A82274;
			productRefGroup = B385C83B25DE92F200A82274 /* Products */;
			projectDirPath = "";
			projectRoot = "";
			targets = (
				B385C83925DE92F200A82274 /* QuestionMemory */,
			);
		};
/* End PBXProject section */

/* Begin PBXResourcesBuildPhase section */
		B385C83825DE92F200A82274 /* Resources */ = {
			isa = PBXResourcesBuildPhase;
			buildActionMask = 2147483647;
			files = (
				B385C84D25DE92F500A82274 /* LaunchScreen.storyboard in Resources */,
				B385C84A25DE92F500A82274 /* Assets.xcassets in Resources */,
				B385C84525DE92F200A82274 /* Main.storyboard in Resources */,
			);
			runOnlyForDeploymentPostprocessing = 0;
		};
/* End PBXResourcesBuildPhase section */

/* Begin PBXShellScriptBuildPhase section */
		86725F58F180F039C0ADD7F7 /* [CP] Embed Pods Frameworks */ = {
			isa = PBXShellScriptBuildPhase;
			buildActionMask = 2147483647;
			files = (
			);
			inputFileListPaths = (
				"${PODS_ROOT}/Target Support Files/Pods-QuestionMemory/Pods-QuestionMemory-frameworks-${CONFIGURATION}-input-files.xcfilelist",
			);
			name = "[CP] Embed Pods Frameworks";
			outputFileListPaths = (
				"${PODS_ROOT}/Target Support Files/Pods-QuestionMemory/Pods-QuestionMemory-frameworks-${CONFIGURATION}-output-files.xcfilelist",
			);
			runOnlyForDeploymentPostprocessing = 0;
			shellPath = /bin/sh;
			shellScript = "\"${PODS_ROOT}/Target Support Files/Pods-QuestionMemory/Pods-QuestionMemory-frameworks.sh\"\n";
			showEnvVarsInLog = 0;
		};
		F05FF60915938A7DBEA0D91E /* [CP] Check Pods Manifest.lock */ = {
			isa = PBXShellScriptBuildPhase;
			buildActionMask = 2147483647;
			files = (
			);
			inputFileListPaths = (
			);
			inputPaths = (
				"${PODS_PODFILE_DIR_PATH}/Podfile.lock",
				"${PODS_ROOT}/Manifest.lock",
			);
			name = "[CP] Check Pods Manifest.lock";
			outputFileListPaths = (
			);
			outputPaths = (
				"$(DERIVED_FILE_DIR)/Pods-QuestionMemory-checkManifestLockResult.txt",
			);
			runOnlyForDeploymentPostprocessing = 0;
			shellPath = /bin/sh;
			shellScript = "diff \"${PODS_PODFILE_DIR_PATH}/Podfile.lock\" \"${PODS_ROOT}/Manifest.lock\" > /dev/null\nif [ $? != 0 ] ; then\n    # print error to STDERR\n    echo \"error: The sandbox is not in sync with the Podfile.lock. Run 'pod install' or update your CocoaPods installation.\" >&2\n    exit 1\nfi\n# This output is used by Xcode 'outputs' to avoid re-running this script phase.\necho \"SUCCESS\" > \"${SCRIPT_OUTPUT_FILE_0}\"\n";
			showEnvVarsInLog = 0;
		};
/* End PBXShellScriptBuildPhase section */

/* Begin PBXSourcesBuildPhase section */
		B385C83625DE92F200A82274 /* Sources */ = {
			isa = PBXSourcesBuildPhase;
			buildActionMask = 2147483647;
			files = (
				B38CE94025E2AF7E007FADD2 /* CoreDataQuestion.swift in Sources */,
				B38CE94925E2B090007FADD2 /* QuestionRepository.swift in Sources */,
				B317439025E0092900F5F9CD /* QuestionDetailVC.swift in Sources */,
				B3638B4925E45088008681A4 /* CDQuestion+CoreDataProperties.swift in Sources */,
				B317439625E05FDF00F5F9CD /* ExamType.swift in Sources */,
				B38CE94E25E2B30B007FADD2 /* PersistentStorage.swift in Sources */,
				B385C84825DE92F200A82274 /* QuestionMemory.xcdatamodeld in Sources */,
				B385C84225DE92F200A82274 /* QuestionVC.swift in Sources */,
				B344571825DE9B3800F4DE4B /* QuestionTableViewCell.swift in Sources */,
				B3DB299125E58D9D001AECC7 /* PageMoveType.swift in Sources */,
				B385C83E25DE92F200A82274 /* AppDelegate.swift in Sources */,
				B344572625DEEB8300F4DE4B /* LackType.swift in Sources */,
				B344571E25DEE4B300F4DE4B /* AddQuestionVC.swift in Sources */,
				B385C84025DE92F200A82274 /* SceneDelegate.swift in Sources */,
				B3638B4825E45088008681A4 /* CDQuestion+CoreDataClass.swift in Sources */,
				B38CE94625E2B065007FADD2 /* QuestionDataRepository.swift in Sources */,
				B38CE94325E2B039007FADD2 /* QuestionManager.swift in Sources */,
				B344572225DEE6C200F4DE4B /* LessonType.swift in Sources */,
			);
			runOnlyForDeploymentPostprocessing = 0;
		};
/* End PBXSourcesBuildPhase section */

/* Begin PBXVariantGroup section */
		B385C84325DE92F200A82274 /* Main.storyboard */ = {
			isa = PBXVariantGroup;
			children = (
				B385C84425DE92F200A82274 /* Base */,
			);
			name = Main.storyboard;
			sourceTree = "<group>";
		};
		B385C84B25DE92F500A82274 /* LaunchScreen.storyboard */ = {
			isa = PBXVariantGroup;
			children = (
				B385C84C25DE92F500A82274 /* Base */,
			);
			name = LaunchScreen.storyboard;
			sourceTree = "<group>";
		};
/* End PBXVariantGroup section */

/* Begin XCBuildConfiguration section */
		B385C84F25DE92F500A82274 /* Debug */ = {
			isa = XCBuildConfiguration;
			buildSettings = {
				ALWAYS_SEARCH_USER_PATHS = NO;
				CLANG_ANALYZER_NONNULL = YES;
				CLANG_ANALYZER_NUMBER_OBJECT_CONVERSION = YES_AGGRESSIVE;
				CLANG_CXX_LANGUAGE_STANDARD = "gnu++14";
				CLANG_CXX_LIBRARY = "libc++";
				CLANG_ENABLE_MODULES = YES;
				CLANG_ENABLE_OBJC_ARC = YES;
				CLANG_ENABLE_OBJC_WEAK = YES;
				CLANG_WARN_BLOCK_CAPTURE_AUTORELEASING = YES;
				CLANG_WARN_BOOL_CONVERSION = YES;
				CLANG_WARN_COMMA = YES;
				CLANG_WARN_CONSTANT_CONVERSION = YES;
				CLANG_WARN_DEPRECATED_OBJC_IMPLEMENTATIONS = YES;
				CLANG_WARN_DIRECT_OBJC_ISA_USAGE = YES_ERROR;
				CLANG_WARN_DOCUMENTATION_COMMENTS = YES;
				CLANG_WARN_EMPTY_BODY = YES;
				CLANG_WARN_ENUM_CONVERSION = YES;
				CLANG_WARN_INFINITE_RECURSION = YES;
				CLANG_WARN_INT_CONVERSION = YES;
				CLANG_WARN_NON_LITERAL_NULL_CONVERSION = YES;
				CLANG_WARN_OBJC_IMPLICIT_RETAIN_SELF = YES;
				CLANG_WARN_OBJC_LITERAL_CONVERSION = YES;
				CLANG_WARN_OBJC_ROOT_CLASS = YES_ERROR;
				CLANG_WARN_QUOTED_INCLUDE_IN_FRAMEWORK_HEADER = YES;
				CLANG_WARN_RANGE_LOOP_ANALYSIS = YES;
				CLANG_WARN_STRICT_PROTOTYPES = YES;
				CLANG_WARN_SUSPICIOUS_MOVE = YES;
				CLANG_WARN_UNGUARDED_AVAILABILITY = YES_AGGRESSIVE;
				CLANG_WARN_UNREACHABLE_CODE = YES;
				CLANG_WARN__DUPLICATE_METHOD_MATCH = YES;
				COPY_PHASE_STRIP = NO;
				DEBUG_INFORMATION_FORMAT = dwarf;
				ENABLE_STRICT_OBJC_MSGSEND = YES;
				ENABLE_TESTABILITY = YES;
				GCC_C_LANGUAGE_STANDARD = gnu11;
				GCC_DYNAMIC_NO_PIC = NO;
				GCC_NO_COMMON_BLOCKS = YES;
				GCC_OPTIMIZATION_LEVEL = 0;
				GCC_PREPROCESSOR_DEFINITIONS = (
					"DEBUG=1",
					"$(inherited)",
				);
				GCC_WARN_64_TO_32_BIT_CONVERSION = YES;
				GCC_WARN_ABOUT_RETURN_TYPE = YES_ERROR;
				GCC_WARN_UNDECLARED_SELECTOR = YES;
				GCC_WARN_UNINITIALIZED_AUTOS = YES_AGGRESSIVE;
				GCC_WARN_UNUSED_FUNCTION = YES;
				GCC_WARN_UNUSED_VARIABLE = YES;
				IPHONEOS_DEPLOYMENT_TARGET = 14.3;
				MTL_ENABLE_DEBUG_INFO = INCLUDE_SOURCE;
				MTL_FAST_MATH = YES;
				ONLY_ACTIVE_ARCH = YES;
				SDKROOT = iphoneos;
				SWIFT_ACTIVE_COMPILATION_CONDITIONS = DEBUG;
				SWIFT_OPTIMIZATION_LEVEL = "-Onone";
			};
			name = Debug;
		};
		B385C85025DE92F500A82274 /* Release */ = {
			isa = XCBuildConfiguration;
			buildSettings = {
				ALWAYS_SEARCH_USER_PATHS = NO;
				CLANG_ANALYZER_NONNULL = YES;
				CLANG_ANALYZER_NUMBER_OBJECT_CONVERSION = YES_AGGRESSIVE;
				CLANG_CXX_LANGUAGE_STANDARD = "gnu++14";
				CLANG_CXX_LIBRARY = "libc++";
				CLANG_ENABLE_MODULES = YES;
				CLANG_ENABLE_OBJC_ARC = YES;
				CLANG_ENABLE_OBJC_WEAK = YES;
				CLANG_WARN_BLOCK_CAPTURE_AUTORELEASING = YES;
				CLANG_WARN_BOOL_CONVERSION = YES;
				CLANG_WARN_COMMA = YES;
				CLANG_WARN_CONSTANT_CONVERSION = YES;
				CLANG_WARN_DEPRECATED_OBJC_IMPLEMENTATIONS = YES;
				CLANG_WARN_DIRECT_OBJC_ISA_USAGE = YES_ERROR;
				CLANG_WARN_DOCUMENTATION_COMMENTS = YES;
				CLANG_WARN_EMPTY_BODY = YES;
				CLANG_WARN_ENUM_CONVERSION = YES;
				CLANG_WARN_INFINITE_RECURSION = YES;
				CLANG_WARN_INT_CONVERSION = YES;
				CLANG_WARN_NON_LITERAL_NULL_CONVERSION = YES;
				CLANG_WARN_OBJC_IMPLICIT_RETAIN_SELF = YES;
				CLANG_WARN_OBJC_LITERAL_CONVERSION = YES;
				CLANG_WARN_OBJC_ROOT_CLASS = YES_ERROR;
				CLANG_WARN_QUOTED_INCLUDE_IN_FRAMEWORK_HEADER = YES;
				CLANG_WARN_RANGE_LOOP_ANALYSIS = YES;
				CLANG_WARN_STRICT_PROTOTYPES = YES;
				CLANG_WARN_SUSPICIOUS_MOVE = YES;
				CLANG_WARN_UNGUARDED_AVAILABILITY = YES_AGGRESSIVE;
				CLANG_WARN_UNREACHABLE_CODE = YES;
				CLANG_WARN__DUPLICATE_METHOD_MATCH = YES;
				COPY_PHASE_STRIP = NO;
				DEBUG_INFORMATION_FORMAT = "dwarf-with-dsym";
				ENABLE_NS_ASSERTIONS = NO;
				ENABLE_STRICT_OBJC_MSGSEND = YES;
				GCC_C_LANGUAGE_STANDARD = gnu11;
				GCC_NO_COMMON_BLOCKS = YES;
				GCC_WARN_64_TO_32_BIT_CONVERSION = YES;
				GCC_WARN_ABOUT_RETURN_TYPE = YES_ERROR;
				GCC_WARN_UNDECLARED_SELECTOR = YES;
				GCC_WARN_UNINITIALIZED_AUTOS = YES_AGGRESSIVE;
				GCC_WARN_UNUSED_FUNCTION = YES;
				GCC_WARN_UNUSED_VARIABLE = YES;
				IPHONEOS_DEPLOYMENT_TARGET = 14.3;
				MTL_ENABLE_DEBUG_INFO = NO;
				MTL_FAST_MATH = YES;
				SDKROOT = iphoneos;
				SWIFT_COMPILATION_MODE = wholemodule;
				SWIFT_OPTIMIZATION_LEVEL = "-O";
				VALIDATE_PRODUCT = YES;
			};
			name = Release;
		};
		B385C85225DE92F500A82274 /* Debug */ = {
			isa = XCBuildConfiguration;
			baseConfigurationReference = 3954C040970CE99F177167C2 /* Pods-QuestionMemory.debug.xcconfig */;
			buildSettings = {
				ASSETCATALOG_COMPILER_APPICON_NAME = AppIcon;
				ASSETCATALOG_COMPILER_GLOBAL_ACCENT_COLOR_NAME = AccentColor;
				CODE_SIGN_STYLE = Automatic;
				INFOPLIST_FILE = QuestionMemory/Info.plist;
				LD_RUNPATH_SEARCH_PATHS = (
					"$(inherited)",
					"@executable_path/Frameworks",
				);
				PRODUCT_BUNDLE_IDENTIFIER = "github.com-aknozcn.QuestionMemory";
				PRODUCT_NAME = "$(TARGET_NAME)";
				SWIFT_VERSION = 5.0;
				TARGETED_DEVICE_FAMILY = "1,2";
			};
			name = Debug;
		};
		B385C85325DE92F500A82274 /* Release */ = {
			isa = XCBuildConfiguration;
			baseConfigurationReference = 260BB9347A1087F2F08B92E3 /* Pods-QuestionMemory.release.xcconfig */;
			buildSettings = {
				ASSETCATALOG_COMPILER_APPICON_NAME = AppIcon;
				ASSETCATALOG_COMPILER_GLOBAL_ACCENT_COLOR_NAME = AccentColor;
				CODE_SIGN_STYLE = Automatic;
				INFOPLIST_FILE = QuestionMemory/Info.plist;
				LD_RUNPATH_SEARCH_PATHS = (
					"$(inherited)",
					"@executable_path/Frameworks",
				);
				PRODUCT_BUNDLE_IDENTIFIER = "github.com-aknozcn.QuestionMemory";
				PRODUCT_NAME = "$(TARGET_NAME)";
				SWIFT_VERSION = 5.0;
				TARGETED_DEVICE_FAMILY = "1,2";
			};
			name = Release;
		};
/* End XCBuildConfiguration section */

/* Begin XCConfigurationList section */
		B385C83525DE92F200A82274 /* Build configuration list for PBXProject "QuestionMemory" */ = {
			isa = XCConfigurationList;
			buildConfigurations = (
				B385C84F25DE92F500A82274 /* Debug */,
				B385C85025DE92F500A82274 /* Release */,
			);
			defaultConfigurationIsVisible = 0;
			defaultConfigurationName = Release;
		};
		B385C85125DE92F500A82274 /* Build configuration list for PBXNativeTarget "QuestionMemory" */ = {
			isa = XCConfigurationList;
			buildConfigurations = (
				B385C85225DE92F500A82274 /* Debug */,
				B385C85325DE92F500A82274 /* Release */,
			);
			defaultConfigurationIsVisible = 0;
			defaultConfigurationName = Release;
		};
/* End XCConfigurationList section */

/* Begin XCVersionGroup section */
		B385C84625DE92F200A82274 /* QuestionMemory.xcdatamodeld */ = {
			isa = XCVersionGroup;
			children = (
				B385C84725DE92F200A82274 /* QuestionMemory.xcdatamodel */,
			);
			currentVersion = B385C84725DE92F200A82274 /* QuestionMemory.xcdatamodel */;
			path = QuestionMemory.xcdatamodeld;
			sourceTree = "<group>";
			versionGroupType = wrapper.xcdatamodel;
		};
/* End XCVersionGroup section */
	};
	rootObject = B385C83225DE92F200A82274 /* Project object */;
}
